
Microsoft Visual Studio Solution File, Format Version 12.00
# Visual Studio 15
VisualStudioVersion = 15.0.27130.2020
MinimumVisualStudioVersion = 10.0.40219.1
Project("{FAE04EC0-301F-11D3-BF4B-00C04F79EFBC}") = "RentMe", "RentMe\RentMe.csproj", "{3744AE39-97C5-48BD-ABAF-5B459DBEF873}"
EndProject
Global
	GlobalSection(SolutionConfigurationPlatforms) = preSolution
		Debug|Any CPU = Debug|Any CPU
		Release|Any CPU = Release|Any CPU
	EndGlobalSection
	GlobalSection(ProjectConfigurationPlatforms) = postSolution
		{3744AE39-97C5-48BD-ABAF-5B459DBEF873}.Debug|Any CPU.ActiveCfg = Debug|Any CPU
		{3744AE39-97C5-48BD-ABAF-5B459DBEF873}.Debug|Any CPU.Build.0 = Debug|Any CPU
		{3744AE39-97C5-48BD-ABAF-5B459DBEF873}.Release|Any CPU.ActiveCfg = Release|Any CPU
		{3744AE39-97C5-48BD-ABAF-5B459DBEF873}.Release|Any CPU.Build.0 = Release|Any CPU
	EndGlobalSection
	GlobalSection(SolutionProperties) = preSolution
		HideSolutionNode = FALSE
	EndGlobalSection
	GlobalSection(ExtensibilityGlobals) = postSolution
		SolutionGuid = {FD60A52F-4079-44BF-8084-3500E0432DA4}
	EndGlobalSection
EndGlobal
